
Microsoft Visual Studio Solution File, Format Version 12.00
# Visual Studio Version 17
VisualStudioVersion = 17.0.32126.317
MinimumVisualStudioVersion = 10.0.40219.1
Project("{FAE04EC0-301F-11D3-BF4B-00C04F79EFBC}") = "Lab2", "Lab2\Lab2.csproj", "{4E396ECC-3CB3-44BE-B6FF-5D7624C8F7CF}"
EndProject
Global
	GlobalSection(SolutionConfigurationPlatforms) = preSolution
		Debug|Any CPU = Debug|Any CPU
		Release|Any CPU = Release|Any CPU
	EndGlobalSection
	GlobalSection(ProjectConfigurationPlatforms) = postSolution
		{4E396ECC-3CB3-44BE-B6FF-5D7624C8F7CF}.Debug|Any CPU.ActiveCfg = Debug|Any CPU
		{4E396ECC-3CB3-44BE-B6FF-5D7624C8F7CF}.Debug|Any CPU.Build.0 = Debug|Any CPU
		{4E396ECC-3CB3-44BE-B6FF-5D7624C8F7CF}.Release|Any CPU.ActiveCfg = Release|Any CPU
		{4E396ECC-3CB3-44BE-B6FF-5D7624C8F7CF}.Release|Any CPU.Build.0 = Release|Any CPU
	EndGlobalSection
	GlobalSection(SolutionProperties) = preSolution
		HideSolutionNode = FALSE
	EndGlobalSection
	GlobalSection(ExtensibilityGlobals) = postSolution
		SolutionGuid = {F97A6A7E-7146-447E-ABD5-72F32F7D80AF}
	EndGlobalSection
EndGlobal
